
Microsoft Visual Studio Solution File, Format Version 12.00
Project("{FAE04EC0-301F-11D3-BF4B-00C04F79EFBC}") = "Fundamentos", "Fundamentos\Fundamentos.csproj", "{5D653682-BBC0-40CA-BC36-5405E0246F83}"
EndProject
Global
	GlobalSection(SolutionConfigurationPlatforms) = preSolution
		Debug|Any CPU = Debug|Any CPU
		Release|Any CPU = Release|Any CPU
	EndGlobalSection
	GlobalSection(ProjectConfigurationPlatforms) = postSolution
		{5D653682-BBC0-40CA-BC36-5405E0246F83}.Debug|Any CPU.ActiveCfg = Debug|Any CPU
		{5D653682-BBC0-40CA-BC36-5405E0246F83}.Debug|Any CPU.Build.0 = Debug|Any CPU
		{5D653682-BBC0-40CA-BC36-5405E0246F83}.Release|Any CPU.ActiveCfg = Release|Any CPU
		{5D653682-BBC0-40CA-BC36-5405E0246F83}.Release|Any CPU.Build.0 = Release|Any CPU
	EndGlobalSection
EndGlobal
